
Microsoft Visual Studio Solution File, Format Version 12.00
# Visual Studio Version 16
VisualStudioVersion = 16.0.30011.22
MinimumVisualStudioVersion = 10.0.40219.1
Project("{FAE04EC0-301F-11D3-BF4B-00C04F79EFBC}") = "PrototypePattern", "PrototypePattern\PrototypePattern.csproj", "{8343F727-5741-4162-A60A-09477C4E221A}"
EndProject
Global
	GlobalSection(SolutionConfigurationPlatforms) = preSolution
		Debug|Any CPU = Debug|Any CPU
		Release|Any CPU = Release|Any CPU
	EndGlobalSection
	GlobalSection(ProjectConfigurationPlatforms) = postSolution
		{8343F727-5741-4162-A60A-09477C4E221A}.Debug|Any CPU.ActiveCfg = Debug|Any CPU
		{8343F727-5741-4162-A60A-09477C4E221A}.Debug|Any CPU.Build.0 = Debug|Any CPU
		{8343F727-5741-4162-A60A-09477C4E221A}.Release|Any CPU.ActiveCfg = Release|Any CPU
		{8343F727-5741-4162-A60A-09477C4E221A}.Release|Any CPU.Build.0 = Release|Any CPU
	EndGlobalSection
	GlobalSection(SolutionProperties) = preSolution
		HideSolutionNode = FALSE
	EndGlobalSection
	GlobalSection(ExtensibilityGlobals) = postSolution
		SolutionGuid = {C890E417-9D32-4C28-83E5-8301885BC8E0}
	EndGlobalSection
EndGlobal
